<?xml version="1.0" encoding="utf-8"?>
<Project ToolsVersion="4.0" xmlns="http://schemas.microsoft.com/developer/msbuild/2003">
  <ItemGroup>
    <Filter Include="Source Files">
      <UniqueIdentifier>{4FC737F1-C7A5-4376-A066-2A32D752A2FF}</UniqueIdentifier>
      <Extensions>cpp;c;cc;cxx;def;odl;idl;hpj;bat;asm;asmx</Extensions>
    </Filter>
    <Filter Include="Header Files">
      <UniqueIdentifier>{93995380-89BD-4b04-88EB-625FBE52EBFB}</UniqueIdentifier>
      <Extensions>h;hh;hpp;hxx;hm;inl;inc;ipp;xsd</Extensions>
    </Filter>
    <Filter Include="Resource Files">
      <UniqueIdentifier>{67DA6AB6-F800-4c08-8B7A-83BB121AAD01}</UniqueIdentifier>
      <Extensions>rc;ico;cur;bmp;dlg;rc2;rct;bin;rgs;gif;jpg;jpeg;jpe;resx;tiff;tif;png;wav;mfcribbon-ms</Extensions>
    </Filter>
    <Filter Include="Header Files\qc_parser_runner">
      <UniqueIdentifier>{d693e536-3884-4c62-aa33-8a3746e1838b}</UniqueIdentifier>
    </Filter>
    <Filter Include="Source Files\qc_parser_runner">
      <UniqueIdentifier>{f2c9fa21-7c0e-4efc-91a2-acb3dc8b19d4}</UniqueIdentifier>
    </Filter>
  </ItemGroup>
  <ItemGroup>
    <ClInclude Include="utils.h">
      <Filter>Header Files</Filter>
    </ClInclude>
    <ClInclude Include="cross_utils.h">
      <Filter>Header Files</Filter>
    </ClInclude>
    <ClInclude Include="qc_grammar.h">
      <Filter>Header Files</Filter>
    </ClInclude>
    <ClInclude Include="stdafx.h">
      <Filter>Header Files</Filter>
    </ClInclude>
    <ClInclude Include="targetver.h">
      <Filter>Header Files</Filter>
    </ClInclude>
    <ClInclude Include="qc_parser_runner.h">
      <Filter>Header Files\qc_parser_runner</Filter>
    </ClInclude>
    <ClInclude Include="qc_pcr_macros.h">
      <Filter>Header Files\qc_parser_runner</Filter>
    </ClInclude>
    <ClInclude Include="line_ast_funcs.h">
      <Filter>Header Files\qc_parser_runner</Filter>
    </ClInclude>
    <ClInclude Include="singleton.h">
      <Filter>Header Files</Filter>
    </ClInclude>
    <ClInclude Include="statics.h">
      <Filter>Header Files</Filter>
    </ClInclude>
    <ClInclude Include="tag_block_manager.h">
      <Filter>Header Files</Filter>
    </ClInclude>
    <ClInclude Include="macros.h">
      <Filter>Header Files</Filter>
    </ClInclude>
  </ItemGroup>
  <ItemGroup>
    <ClCompile Include="stdafx.cpp">
      <Filter>Source Files</Filter>
    </ClCompile>
    <ClCompile Include="qc.cpp">
      <Filter>Source Files</Filter>
    </ClCompile>
    <ClCompile Include="qc_grammar.cpp">
      <Filter>Source Files</Filter>
    </ClCompile>
    <ClCompile Include="utils.cpp">
      <Filter>Source Files</Filter>
    </ClCompile>
    <ClCompile Include="cross_utils.cpp">
      <Filter>Source Files</Filter>
    </ClCompile>
    <ClCompile Include="qc_parser_runner.cpp">
      <Filter>Source Files\qc_parser_runner</Filter>
    </ClCompile>
    <ClCompile Include="line_ast_funcs.cpp">
      <Filter>Source Files\qc_parser_runner</Filter>
    </ClCompile>
    <ClCompile Include="statics.cpp">
      <Filter>Source Files</Filter>
    </ClCompile>
    <ClCompile Include="tag_block_manager.cpp">
      <Filter>Source Files</Filter>
    </ClCompile>
  </ItemGroup>
</Project>